<?xml version="1.0" encoding="UTF-8" standalone="yes" ?>
<CodeBlocks_project_file>
	<FileVersion major="1" minor="6" />
	<Project>
		<Option title="hangman" />
		<Option pch_mode="2" />
		<Option compiler="gcc" />
		<Build>
			<Target title="Debug">
				<Option output="bin/Debug/hangman" prefix_auto="1" extension_auto="1" />
				<Option object_output="obj/Debug/" />
				<Option type="1" />
				<Option compiler="gcc" />
				<Compiler>
					<Add option="-g" />
					<Add directory="../hangman" />
				</Compiler>
			</Target>
			<Target title="Release">
				<Option output="bin/Release/hangman" prefix_auto="1" extension_auto="1" />
				<Option object_output="obj/Release/" />
				<Option type="1" />
				<Option compiler="gcc" />
				<Compiler>
					<Add option="-O2" />
					<Add directory="../hangman" />
				</Compiler>
				<Linker>
					<Add option="-s" />
				</Linker>
			</Target>
		</Build>
		<Compiler>
			<Add option="-Wall" />
			<Add option="-std=gnu++14" />
			<Add option="-fexceptions" />
			<Add directory="SDL2_image-2.0.5/i686-w64-mingw32/include/SDL2" />
			<Add directory="SDL2_ttf-2.0.15/i686-w64-mingw32/include/SDL2" />
			<Add directory="SDL2-2.0.12/i686-w64-mingw32/include/SDL2" />
		</Compiler>
		<Linker>
			<Add option="-lmingw32 -lSDL2main -lSDL2 -lSDL2_image -lSDL2_ttf" />
			<Add directory="SDL2-2.0.12/i686-w64-mingw32/lib" />
			<Add directory="SDL2_ttf-2.0.15/i686-w64-mingw32/lib" />
			<Add directory="SDL2_image-2.0.5/i686-w64-mingw32/lib" />
		</Linker>
		<ExtraCommands>
			<Add after='cmd /c copy &quot;$(PROJECT_DIR)*.dll&quot; &quot;$(TARGET_OUTPUT_DIR)&quot;' />
			<Add after='cmd /c copy &quot;$(PROJECT_DIR)*.ttf&quot; &quot;$(TARGET_OUTPUT_DIR)&quot;' />
			<Add after='cmd /c copy &quot;$(PROJECT_DIR)*.png&quot; &quot;$(TARGET_OUTPUT_DIR)&quot;' />
			<Add after='cmd /c copy &quot;$(PROJECT_DIR)*.txt&quot; &quot;$(TARGET_OUTPUT_DIR)&quot;' />
			<Mode after="always" />
		</ExtraCommands>
		<Unit filename="Game.cpp" />
		<Unit filename="Game.h" />
		<Unit filename="SDL2.dll" />
		<Unit filename="SDL2_image.dll" />
		<Unit filename="SDL2_ttf.dll" />
		<Unit filename="SkickSDL.cpp" />
		<Unit filename="SkickSDL.h" />
		<Unit filename="VeraMoBd.ttf" />
		<Unit filename="free0.png" />
		<Unit filename="free1.png" />
		<Unit filename="free2.png" />
		<Unit filename="free3.png" />
		<Unit filename="hang0.png" />
		<Unit filename="hang1.png" />
		<Unit filename="hang2.png" />
		<Unit filename="hang3.png" />
		<Unit filename="hang4.png" />
		<Unit filename="hang5.png" />
		<Unit filename="hang6.png" />
		<Unit filename="hang7.png" />
		<Unit filename="hanged0.png" />
		<Unit filename="hanged1.png" />
		<Unit filename="hanged2.png" />
		<Unit filename="hanged3.png" />
		<Unit filename="libfreetype-6.dll" />
		<Unit filename="libjpeg-9.dll" />
		<Unit filename="libpng16-16.dll" />
		<Unit filename="libtiff-5.dll" />
		<Unit filename="libwebp-7.dll" />
		<Unit filename="main.cpp" />
		<Unit filename="painter.cpp" />
		<Unit filename="painter.h" />
		<Unit filename="utility.cpp" />
		<Unit filename="utility.h" />
		<Unit filename="words.txt" />
		<Unit filename="zlib1.dll" />
		<Extensions />
	</Project>
</CodeBlocks_project_file>
